// !$*UTF8*$!
{
	archiveVersion = 1;
	classes = {
	};
	objectVersion = 48;
	objects = {

/* Begin PBXBuildFile section */
		9FD4FE28B53CD234F42AFBED /* Pods_IssuesApp.framework in Frameworks */ = {isa = PBXBuildFile; fileRef = C8C6EE1CEE1C95679167C8D7 /* Pods_IssuesApp.framework */; };
		DA5001221FAD798F00680B30 /* App.swift in Sources */ = {isa = PBXBuildFile; fileRef = DA5001211FAD798F00680B30 /* App.swift */; };
		DAF5078D1FAD7E4400A4077D /* Model.swift in Sources */ = {isa = PBXBuildFile; fileRef = DAF5078C1FAD7E4400A4077D /* Model.swift */; };
		DAF507901FAD7E8100A4077D /* DataRequest_Extension.swift in Sources */ = {isa = PBXBuildFile; fileRef = DAF5078F1FAD7E8100A4077D /* DataRequest_Extension.swift */; };
		DAF507931FAD82D300A4077D /* GithubRouter.swift in Sources */ = {isa = PBXBuildFile; fileRef = DAF507921FAD82D300A4077D /* GithubRouter.swift */; };
		DAF507981FAD830B00A4077D /* GithubAPI.swift in Sources */ = {isa = PBXBuildFile; fileRef = DAF507971FAD830B00A4077D /* GithubAPI.swift */; };
		DAF5079A1FAD8E2100A4077D /* RepoViewController.swift in Sources */ = {isa = PBXBuildFile; fileRef = DAF507991FAD8E2100A4077D /* RepoViewController.swift */; };
		DAF5079C1FAD95C300A4077D /* IssuesViewController.swift in Sources */ = {isa = PBXBuildFile; fileRef = DAF5079B1FAD95C300A4077D /* IssuesViewController.swift */; };
		DAF5079F1FAD9E7A00A4077D /* ReposViewController.swift in Sources */ = {isa = PBXBuildFile; fileRef = DAF5079E1FAD9E7A00A4077D /* ReposViewController.swift */; };
		DAF507A11FADA70B00A4077D /* IssueCell.xib in Resources */ = {isa = PBXBuildFile; fileRef = DAF507A01FADA70B00A4077D /* IssueCell.xib */; };
		DAF507A31FADACD800A4077D /* IssueCell.swift in Sources */ = {isa = PBXBuildFile; fileRef = DAF507A21FADACD800A4077D /* IssueCell.swift */; };
		DAF507A61FADB84C00A4077D /* LoadMoreFooterView.swift in Sources */ = {isa = PBXBuildFile; fileRef = DAF507A41FADB84B00A4077D /* LoadMoreFooterView.swift */; };
		DAF507A71FADB84C00A4077D /* LoadMoreFooterView.xib in Resources */ = {isa = PBXBuildFile; fileRef = DAF507A51FADB84C00A4077D /* LoadMoreFooterView.xib */; };
		DAF953241FA481A40077CB2F /* AppDelegate.swift in Sources */ = {isa = PBXBuildFile; fileRef = DAF953231FA481A40077CB2F /* AppDelegate.swift */; };
		DAF953261FA481A40077CB2F /* LoginViewController.swift in Sources */ = {isa = PBXBuildFile; fileRef = DAF953251FA481A40077CB2F /* LoginViewController.swift */; };
		DAF953291FA481A40077CB2F /* Main.storyboard in Resources */ = {isa = PBXBuildFile; fileRef = DAF953271FA481A40077CB2F /* Main.storyboard */; };
		DAF9532B1FA481A40077CB2F /* Assets.xcassets in Resources */ = {isa = PBXBuildFile; fileRef = DAF9532A1FA481A40077CB2F /* Assets.xcassets */; };
		DAF9532E1FA481A40077CB2F /* LaunchScreen.storyboard in Resources */ = {isa = PBXBuildFile; fileRef = DAF9532C1FA481A40077CB2F /* LaunchScreen.storyboard */; };
		DAF953361FA481AF0077CB2F /* GlobalState.swift in Sources */ = {isa = PBXBuildFile; fileRef = DAF953351FA481AF0077CB2F /* GlobalState.swift */; };
		DAF953381FA483060077CB2F /* API.swift in Sources */ = {isa = PBXBuildFile; fileRef = DAF953371FA483060077CB2F /* API.swift */; };
/* End PBXBuildFile section */

/* Begin PBXFileReference section */
		0C6A750EF640638ED5018D85 /* Pods-IssuesApp.debug.xcconfig */ = {isa = PBXFileReference; includeInIndex = 1; lastKnownFileType = text.xcconfig; name = "Pods-IssuesApp.debug.xcconfig"; path = "Pods/Target Support Files/Pods-IssuesApp/Pods-IssuesApp.debug.xcconfig"; sourceTree = "<group>"; };
		C7F86D86ACF3FB750CDC6C99 /* Pods-IssuesApp.release.xcconfig */ = {isa = PBXFileReference; includeInIndex = 1; lastKnownFileType = text.xcconfig; name = "Pods-IssuesApp.release.xcconfig"; path = "Pods/Target Support Files/Pods-IssuesApp/Pods-IssuesApp.release.xcconfig"; sourceTree = "<group>"; };
		C8C6EE1CEE1C95679167C8D7 /* Pods_IssuesApp.framework */ = {isa = PBXFileReference; explicitFileType = wrapper.framework; includeInIndex = 0; path = Pods_IssuesApp.framework; sourceTree = BUILT_PRODUCTS_DIR; };
		DA5001211FAD798F00680B30 /* App.swift */ = {isa = PBXFileReference; lastKnownFileType = sourcecode.swift; path = App.swift; sourceTree = "<group>"; };
		DAF5078C1FAD7E4400A4077D /* Model.swift */ = {isa = PBXFileReference; lastKnownFileType = sourcecode.swift; path = Model.swift; sourceTree = "<group>"; };
		DAF5078F1FAD7E8100A4077D /* DataRequest_Extension.swift */ = {isa = PBXFileReference; lastKnownFileType = sourcecode.swift; path = DataRequest_Extension.swift; sourceTree = "<group>"; };
		DAF507921FAD82D300A4077D /* GithubRouter.swift */ = {isa = PBXFileReference; lastKnownFileType = sourcecode.swift; path = GithubRouter.swift; sourceTree = "<group>"; };
		DAF507971FAD830B00A4077D /* GithubAPI.swift */ = {isa = PBXFileReference; lastKnownFileType = sourcecode.swift; path = GithubAPI.swift; sourceTree = "<group>"; };
		DAF507991FAD8E2100A4077D /* RepoViewController.swift */ = {isa = PBXFileReference; lastKnownFileType = sourcecode.swift; path = RepoViewController.swift; sourceTree = "<group>"; };
		DAF5079B1FAD95C300A4077D /* IssuesViewController.swift */ = {isa = PBXFileReference; lastKnownFileType = sourcecode.swift; path = IssuesViewController.swift; sourceTree = "<group>"; };
		DAF5079E1FAD9E7A00A4077D /* ReposViewController.swift */ = {isa = PBXFileReference; lastKnownFileType = sourcecode.swift; path = ReposViewController.swift; sourceTree = "<group>"; };
		DAF507A01FADA70B00A4077D /* IssueCell.xib */ = {isa = PBXFileReference; lastKnownFileType = file.xib; path = IssueCell.xib; sourceTree = "<group>"; };
		DAF507A21FADACD800A4077D /* IssueCell.swift */ = {isa = PBXFileReference; lastKnownFileType = sourcecode.swift; path = IssueCell.swift; sourceTree = "<group>"; };
		DAF507A41FADB84B00A4077D /* LoadMoreFooterView.swift */ = {isa = PBXFileReference; fileEncoding = 4; lastKnownFileType = sourcecode.swift; path = LoadMoreFooterView.swift; sourceTree = "<group>"; };
		DAF507A51FADB84C00A4077D /* LoadMoreFooterView.xib */ = {isa = PBXFileReference; fileEncoding = 4; lastKnownFileType = file.xib; path = LoadMoreFooterView.xib; sourceTree = "<group>"; };
		DAF953201FA481A40077CB2F /* IssuesApp.app */ = {isa = PBXFileReference; explicitFileType = wrapper.application; includeInIndex = 0; path = IssuesApp.app; sourceTree = BUILT_PRODUCTS_DIR; };
		DAF953231FA481A40077CB2F /* AppDelegate.swift */ = {isa = PBXFileReference; lastKnownFileType = sourcecode.swift; path = AppDelegate.swift; sourceTree = "<group>"; };
		DAF953251FA481A40077CB2F /* LoginViewController.swift */ = {isa = PBXFileReference; lastKnownFileType = sourcecode.swift; path = LoginViewController.swift; sourceTree = "<group>"; };
		DAF953281FA481A40077CB2F /* Base */ = {isa = PBXFileReference; lastKnownFileType = file.storyboard; name = Base; path = Base.lproj/Main.storyboard; sourceTree = "<group>"; };
		DAF9532A1FA481A40077CB2F /* Assets.xcassets */ = {isa = PBXFileReference; lastKnownFileType = folder.assetcatalog; path = Assets.xcassets; sourceTree = "<group>"; };
		DAF9532D1FA481A40077CB2F /* Base */ = {isa = PBXFileReference; lastKnownFileType = file.storyboard; name = Base; path = Base.lproj/LaunchScreen.storyboard; sourceTree = "<group>"; };
		DAF9532F1FA481A40077CB2F /* Info.plist */ = {isa = PBXFileReference; lastKnownFileType = text.plist.xml; path = Info.plist; sourceTree = "<group>"; };
		DAF953351FA481AF0077CB2F /* GlobalState.swift */ = {isa = PBXFileReference; lastKnownFileType = sourcecode.swift; path = GlobalState.swift; sourceTree = "<group>"; };
		DAF953371FA483060077CB2F /* API.swift */ = {isa = PBXFileReference; lastKnownFileType = sourcecode.swift; path = API.swift; sourceTree = "<group>"; };
/* End PBXFileReference section */

/* Begin PBXFrameworksBuildPhase section */
		DAF9531D1FA481A40077CB2F /* Frameworks */ = {
			isa = PBXFrameworksBuildPhase;
			buildActionMask = 2147483647;
			files = (
				9FD4FE28B53CD234F42AFBED /* Pods_IssuesApp.framework in Frameworks */,
			);
			runOnlyForDeploymentPostprocessing = 0;
		};
/* End PBXFrameworksBuildPhase section */

/* Begin PBXGroup section */
		3E4D00B04ABABC99D6C041DA /* Pods */ = {
			isa = PBXGroup;
			children = (
				0C6A750EF640638ED5018D85 /* Pods-IssuesApp.debug.xcconfig */,
				C7F86D86ACF3FB750CDC6C99 /* Pods-IssuesApp.release.xcconfig */,
			);
			name = Pods;
			sourceTree = "<group>";
		};
		7F557FB9695566919B69F507 /* Frameworks */ = {
			isa = PBXGroup;
			children = (
				C8C6EE1CEE1C95679167C8D7 /* Pods_IssuesApp.framework */,
			);
			name = Frameworks;
			sourceTree = "<group>";
		};
		DA5001231FAD7A6D00680B30 /* Util */ = {
			isa = PBXGroup;
			children = (
				DAF953351FA481AF0077CB2F /* GlobalState.swift */,
				DAF5078F1FAD7E8100A4077D /* DataRequest_Extension.swift */,
				DA5001211FAD798F00680B30 /* App.swift */,
			);
			path = Util;
			sourceTree = "<group>";
		};
		DAF5078E1FAD7E4800A4077D /* Model */ = {
			isa = PBXGroup;
			children = (
				DAF5078C1FAD7E4400A4077D /* Model.swift */,
			);
			name = Model;
			sourceTree = "<group>";
		};
		DAF507911FAD826900A4077D /* API */ = {
			isa = PBXGroup;
			children = (
				DAF953371FA483060077CB2F /* API.swift */,
				DAF507921FAD82D300A4077D /* GithubRouter.swift */,
				DAF507971FAD830B00A4077D /* GithubAPI.swift */,
			);
			name = API;
			path = "몌ㅑ";
			sourceTree = "<group>";
		};
		DAF5079D1FAD972300A4077D /* View */ = {
			isa = PBXGroup;
			children = (
				DAF507A41FADB84B00A4077D /* LoadMoreFooterView.swift */,
				DAF507A51FADB84C00A4077D /* LoadMoreFooterView.xib */,
				DAF953251FA481A40077CB2F /* LoginViewController.swift */,
				DAF5079B1FAD95C300A4077D /* IssuesViewController.swift */,
				DAF507991FAD8E2100A4077D /* RepoViewController.swift */,
				DAF507A01FADA70B00A4077D /* IssueCell.xib */,
				DAF5079E1FAD9E7A00A4077D /* ReposViewController.swift */,
				DAF507A21FADACD800A4077D /* IssueCell.swift */,
			);
			path = View;
			sourceTree = "<group>";
		};
		DAF953171FA481A40077CB2F = {
			isa = PBXGroup;
			children = (
				DAF953221FA481A40077CB2F /* IssuesApp */,
				DAF953211FA481A40077CB2F /* Products */,
				3E4D00B04ABABC99D6C041DA /* Pods */,
				7F557FB9695566919B69F507 /* Frameworks */,
			);
			sourceTree = "<group>";
		};
		DAF953211FA481A40077CB2F /* Products */ = {
			isa = PBXGroup;
			children = (
				DAF953201FA481A40077CB2F /* IssuesApp.app */,
			);
			name = Products;
			sourceTree = "<group>";
		};
		DAF953221FA481A40077CB2F /* IssuesApp */ = {
			isa = PBXGroup;
			children = (
				DAF953231FA481A40077CB2F /* AppDelegate.swift */,
				DAF5078E1FAD7E4800A4077D /* Model */,
				DAF507911FAD826900A4077D /* API */,
				DA5001231FAD7A6D00680B30 /* Util */,
				DAF953271FA481A40077CB2F /* Main.storyboard */,
				DAF5079D1FAD972300A4077D /* View */,
				DAF9532A1FA481A40077CB2F /* Assets.xcassets */,
				DAF9532C1FA481A40077CB2F /* LaunchScreen.storyboard */,
				DAF9532F1FA481A40077CB2F /* Info.plist */,
			);
			path = IssuesApp;
			sourceTree = "<group>";
		};
/* End PBXGroup section */

/* Begin PBXNativeTarget section */
		DAF9531F1FA481A40077CB2F /* IssuesApp */ = {
			isa = PBXNativeTarget;
			buildConfigurationList = DAF953321FA481A40077CB2F /* Build configuration list for PBXNativeTarget "IssuesApp" */;
			buildPhases = (
				F21C5A00012C9F947995EAA9 /* [CP] Check Pods Manifest.lock */,
				DAF9531C1FA481A40077CB2F /* Sources */,
				DAF9531D1FA481A40077CB2F /* Frameworks */,
				DAF9531E1FA481A40077CB2F /* Resources */,
				FC57BD3D3DAD2DCFD58E315D /* [CP] Embed Pods Frameworks */,
				F06C0784AE08D7909B4E62D4 /* [CP] Copy Pods Resources */,
			);
			buildRules = (
			);
			dependencies = (
			);
			name = IssuesApp;
			productName = IssuesApp;
			productReference = DAF953201FA481A40077CB2F /* IssuesApp.app */;
			productType = "com.apple.product-type.application";
		};
/* End PBXNativeTarget section */

/* Begin PBXProject section */
		DAF953181FA481A40077CB2F /* Project object */ = {
			isa = PBXProject;
			attributes = {
				LastSwiftUpdateCheck = 0900;
				LastUpgradeCheck = 0900;
				ORGANIZATIONNAME = Piano;
				TargetAttributes = {
					DAF9531F1FA481A40077CB2F = {
						CreatedOnToolsVersion = 9.0.1;
						ProvisioningStyle = Automatic;
					};
				};
			};
			buildConfigurationList = DAF9531B1FA481A40077CB2F /* Build configuration list for PBXProject "IssuesApp" */;
			compatibilityVersion = "Xcode 8.0";
			developmentRegion = en;
			hasScannedForEncodings = 0;
			knownRegions = (
				en,
				Base,
			);
			mainGroup = DAF953171FA481A40077CB2F;
			productRefGroup = DAF953211FA481A40077CB2F /* Products */;
			projectDirPath = "";
			projectRoot = "";
			targets = (
				DAF9531F1FA481A40077CB2F /* IssuesApp */,
			);
		};
/* End PBXProject section */

/* Begin PBXResourcesBuildPhase section */
		DAF9531E1FA481A40077CB2F /* Resources */ = {
			isa = PBXResourcesBuildPhase;
			buildActionMask = 2147483647;
			files = (
				DAF507A71FADB84C00A4077D /* LoadMoreFooterView.xib in Resources */,
				DAF9532E1FA481A40077CB2F /* LaunchScreen.storyboard in Resources */,
				DAF9532B1FA481A40077CB2F /* Assets.xcassets in Resources */,
				DAF953291FA481A40077CB2F /* Main.storyboard in Resources */,
				DAF507A11FADA70B00A4077D /* IssueCell.xib in Resources */,
			);
			runOnlyForDeploymentPostprocessing = 0;
		};
/* End PBXResourcesBuildPhase section */

/* Begin PBXShellScriptBuildPhase section */
		F06C0784AE08D7909B4E62D4 /* [CP] Copy Pods Resources */ = {
			isa = PBXShellScriptBuildPhase;
			buildActionMask = 2147483647;
			files = (
			);
			inputPaths = (
			);
			name = "[CP] Copy Pods Resources";
			outputPaths = (
			);
			runOnlyForDeploymentPostprocessing = 0;
			shellPath = /bin/sh;
			shellScript = "\"${SRCROOT}/Pods/Target Support Files/Pods-IssuesApp/Pods-IssuesApp-resources.sh\"\n";
			showEnvVarsInLog = 0;
		};
		F21C5A00012C9F947995EAA9 /* [CP] Check Pods Manifest.lock */ = {
			isa = PBXShellScriptBuildPhase;
			buildActionMask = 2147483647;
			files = (
			);
			inputPaths = (
			);
			name = "[CP] Check Pods Manifest.lock";
			outputPaths = (
			);
			runOnlyForDeploymentPostprocessing = 0;
			shellPath = /bin/sh;
			shellScript = "diff \"${PODS_PODFILE_DIR_PATH}/Podfile.lock\" \"${PODS_ROOT}/Manifest.lock\" > /dev/null\nif [ $? != 0 ] ; then\n    # print error to STDERR\n    echo \"error: The sandbox is not in sync with the Podfile.lock. Run 'pod install' or update your CocoaPods installation.\" >&2\n    exit 1\nfi\n";
			showEnvVarsInLog = 0;
		};
		FC57BD3D3DAD2DCFD58E315D /* [CP] Embed Pods Frameworks */ = {
			isa = PBXShellScriptBuildPhase;
			buildActionMask = 2147483647;
			files = (
			);
			inputPaths = (
			);
			name = "[CP] Embed Pods Frameworks";
			outputPaths = (
			);
			runOnlyForDeploymentPostprocessing = 0;
			shellPath = /bin/sh;
			shellScript = "\"${SRCROOT}/Pods/Target Support Files/Pods-IssuesApp/Pods-IssuesApp-frameworks.sh\"\n";
			showEnvVarsInLog = 0;
		};
/* End PBXShellScriptBuildPhase section */

/* Begin PBXSourcesBuildPhase section */
		DAF9531C1FA481A40077CB2F /* Sources */ = {
			isa = PBXSourcesBuildPhase;
			buildActionMask = 2147483647;
			files = (
				DAF5079F1FAD9E7A00A4077D /* ReposViewController.swift in Sources */,
				DAF953261FA481A40077CB2F /* LoginViewController.swift in Sources */,
				DAF507931FAD82D300A4077D /* GithubRouter.swift in Sources */,
				DAF953241FA481A40077CB2F /* AppDelegate.swift in Sources */,
				DAF507901FAD7E8100A4077D /* DataRequest_Extension.swift in Sources */,
				DAF953381FA483060077CB2F /* API.swift in Sources */,
				DAF5078D1FAD7E4400A4077D /* Model.swift in Sources */,
				DA5001221FAD798F00680B30 /* App.swift in Sources */,
				DAF507A61FADB84C00A4077D /* LoadMoreFooterView.swift in Sources */,
				DAF507981FAD830B00A4077D /* GithubAPI.swift in Sources */,
				DAF5079A1FAD8E2100A4077D /* RepoViewController.swift in Sources */,
				DAF507A31FADACD800A4077D /* IssueCell.swift in Sources */,
				DAF5079C1FAD95C300A4077D /* IssuesViewController.swift in Sources */,
				DAF953361FA481AF0077CB2F /* GlobalState.swift in Sources */,
			);
			runOnlyForDeploymentPostprocessing = 0;
		};
/* End PBXSourcesBuildPhase section */

/* Begin PBXVariantGroup section */
		DAF953271FA481A40077CB2F /* Main.storyboard */ = {
			isa = PBXVariantGroup;
			children = (
				DAF953281FA481A40077CB2F /* Base */,
			);
			name = Main.storyboard;
			sourceTree = "<group>";
		};
		DAF9532C1FA481A40077CB2F /* LaunchScreen.storyboard */ = {
			isa = PBXVariantGroup;
			children = (
				DAF9532D1FA481A40077CB2F /* Base */,
			);
			name = LaunchScreen.storyboard;
			sourceTree = "<group>";
		};
/* End PBXVariantGroup section */

/* Begin XCBuildConfiguration section */
		DAF953301FA481A40077CB2F /* Debug */ = {
			isa = XCBuildConfiguration;
			buildSettings = {
				ALWAYS_SEARCH_USER_PATHS = NO;
				CLANG_ANALYZER_NONNULL = YES;
				CLANG_ANALYZER_NUMBER_OBJECT_CONVERSION = YES_AGGRESSIVE;
				CLANG_CXX_LANGUAGE_STANDARD = "gnu++14";
				CLANG_CXX_LIBRARY = "libc++";
				CLANG_ENABLE_MODULES = YES;
				CLANG_ENABLE_OBJC_ARC = YES;
				CLANG_WARN_BLOCK_CAPTURE_AUTORELEASING = YES;
				CLANG_WARN_BOOL_CONVERSION = YES;
				CLANG_WARN_COMMA = YES;
				CLANG_WARN_CONSTANT_CONVERSION = YES;
				CLANG_WARN_DIRECT_OBJC_ISA_USAGE = YES_ERROR;
				CLANG_WARN_DOCUMENTATION_COMMENTS = YES;
				CLANG_WARN_EMPTY_BODY = YES;
				CLANG_WARN_ENUM_CONVERSION = YES;
				CLANG_WARN_INFINITE_RECURSION = YES;
				CLANG_WARN_INT_CONVERSION = YES;
				CLANG_WARN_NON_LITERAL_NULL_CONVERSION = YES;
				CLANG_WARN_OBJC_LITERAL_CONVERSION = YES;
				CLANG_WARN_OBJC_ROOT_CLASS = YES_ERROR;
				CLANG_WARN_RANGE_LOOP_ANALYSIS = YES;
				CLANG_WARN_STRICT_PROTOTYPES = YES;
				CLANG_WARN_SUSPICIOUS_MOVE = YES;
				CLANG_WARN_UNGUARDED_AVAILABILITY = YES_AGGRESSIVE;
				CLANG_WARN_UNREACHABLE_CODE = YES;
				CLANG_WARN__DUPLICATE_METHOD_MATCH = YES;
				CODE_SIGN_IDENTITY = "iPhone Developer";
				COPY_PHASE_STRIP = NO;
				DEBUG_INFORMATION_FORMAT = dwarf;
				ENABLE_STRICT_OBJC_MSGSEND = YES;
				ENABLE_TESTABILITY = YES;
				GCC_C_LANGUAGE_STANDARD = gnu11;
				GCC_DYNAMIC_NO_PIC = NO;
				GCC_NO_COMMON_BLOCKS = YES;
				GCC_OPTIMIZATION_LEVEL = 0;
				GCC_PREPROCESSOR_DEFINITIONS = (
					"DEBUG=1",
					"$(inherited)",
				);
				GCC_WARN_64_TO_32_BIT_CONVERSION = YES;
				GCC_WARN_ABOUT_RETURN_TYPE = YES_ERROR;
				GCC_WARN_UNDECLARED_SELECTOR = YES;
				GCC_WARN_UNINITIALIZED_AUTOS = YES_AGGRESSIVE;
				GCC_WARN_UNUSED_FUNCTION = YES;
				GCC_WARN_UNUSED_VARIABLE = YES;
				IPHONEOS_DEPLOYMENT_TARGET = 11.0;
				MTL_ENABLE_DEBUG_INFO = YES;
				ONLY_ACTIVE_ARCH = YES;
				SDKROOT = iphoneos;
				SWIFT_ACTIVE_COMPILATION_CONDITIONS = DEBUG;
				SWIFT_OPTIMIZATION_LEVEL = "-Onone";
			};
			name = Debug;
		};
		DAF953311FA481A40077CB2F /* Release */ = {
			isa = XCBuildConfiguration;
			buildSettings = {
				ALWAYS_SEARCH_USER_PATHS = NO;
				CLANG_ANALYZER_NONNULL = YES;
				CLANG_ANALYZER_NUMBER_OBJECT_CONVERSION = YES_AGGRESSIVE;
				CLANG_CXX_LANGUAGE_STANDARD = "gnu++14";
				CLANG_CXX_LIBRARY = "libc++";
				CLANG_ENABLE_MODULES = YES;
				CLANG_ENABLE_OBJC_ARC = YES;
				CLANG_WARN_BLOCK_CAPTURE_AUTORELEASING = YES;
				CLANG_WARN_BOOL_CONVERSION = YES;
				CLANG_WARN_COMMA = YES;
				CLANG_WARN_CONSTANT_CONVERSION = YES;
				CLANG_WARN_DIRECT_OBJC_ISA_USAGE = YES_ERROR;
				CLANG_WARN_DOCUMENTATION_COMMENTS = YES;
				CLANG_WARN_EMPTY_BODY = YES;
				CLANG_WARN_ENUM_CONVERSION = YES;
				CLANG_WARN_INFINITE_RECURSION = YES;
				CLANG_WARN_INT_CONVERSION = YES;
				CLANG_WARN_NON_LITERAL_NULL_CONVERSION = YES;
				CLANG_WARN_OBJC_LITERAL_CONVERSION = YES;
				CLANG_WARN_OBJC_ROOT_CLASS = YES_ERROR;
				CLANG_WARN_RANGE_LOOP_ANALYSIS = YES;
				CLANG_WARN_STRICT_PROTOTYPES = YES;
				CLANG_WARN_SUSPICIOUS_MOVE = YES;
				CLANG_WARN_UNGUARDED_AVAILABILITY = YES_AGGRESSIVE;
				CLANG_WARN_UNREACHABLE_CODE = YES;
				CLANG_WARN__DUPLICATE_METHOD_MATCH = YES;
				CODE_SIGN_IDENTITY = "iPhone Developer";
				COPY_PHASE_STRIP = NO;
				DEBUG_INFORMATION_FORMAT = "dwarf-with-dsym";
				ENABLE_NS_ASSERTIONS = NO;
				ENABLE_STRICT_OBJC_MSGSEND = YES;
				GCC_C_LANGUAGE_STANDARD = gnu11;
				GCC_NO_COMMON_BLOCKS = YES;
				GCC_WARN_64_TO_32_BIT_CONVERSION = YES;
				GCC_WARN_ABOUT_RETURN_TYPE = YES_ERROR;
				GCC_WARN_UNDECLARED_SELECTOR = YES;
				GCC_WARN_UNINITIALIZED_AUTOS = YES_AGGRESSIVE;
				GCC_WARN_UNUSED_FUNCTION = YES;
				GCC_WARN_UNUSED_VARIABLE = YES;
				IPHONEOS_DEPLOYMENT_TARGET = 11.0;
				MTL_ENABLE_DEBUG_INFO = NO;
				SDKROOT = iphoneos;
				SWIFT_OPTIMIZATION_LEVEL = "-Owholemodule";
				VALIDATE_PRODUCT = YES;
			};
			name = Release;
		};
		DAF953331FA481A40077CB2F /* Debug */ = {
			isa = XCBuildConfiguration;
			baseConfigurationReference = 0C6A750EF640638ED5018D85 /* Pods-IssuesApp.debug.xcconfig */;
			buildSettings = {
				ASSETCATALOG_COMPILER_APPICON_NAME = AppIcon;
				CODE_SIGN_STYLE = Automatic;
				DEVELOPMENT_TEAM = U9KHV9D7LV;
				INFOPLIST_FILE = IssuesApp/Info.plist;
				LD_RUNPATH_SEARCH_PATHS = "$(inherited) @executable_path/Frameworks";
				PRODUCT_BUNDLE_IDENTIFIER = com.piano.IssuesApp;
				PRODUCT_NAME = "$(TARGET_NAME)";
				SWIFT_VERSION = 4.0;
				TARGETED_DEVICE_FAMILY = "1,2";
			};
			name = Debug;
		};
		DAF953341FA481A40077CB2F /* Release */ = {
			isa = XCBuildConfiguration;
			baseConfigurationReference = C7F86D86ACF3FB750CDC6C99 /* Pods-IssuesApp.release.xcconfig */;
			buildSettings = {
				ASSETCATALOG_COMPILER_APPICON_NAME = AppIcon;
				CODE_SIGN_STYLE = Automatic;
				DEVELOPMENT_TEAM = U9KHV9D7LV;
				INFOPLIST_FILE = IssuesApp/Info.plist;
				LD_RUNPATH_SEARCH_PATHS = "$(inherited) @executable_path/Frameworks";
				PRODUCT_BUNDLE_IDENTIFIER = com.piano.IssuesApp;
				PRODUCT_NAME = "$(TARGET_NAME)";
				SWIFT_VERSION = 4.0;
				TARGETED_DEVICE_FAMILY = "1,2";
			};
			name = Release;
		};
/* End XCBuildConfiguration section */

/* Begin XCConfigurationList section */
		DAF9531B1FA481A40077CB2F /* Build configuration list for PBXProject "IssuesApp" */ = {
			isa = XCConfigurationList;
			buildConfigurations = (
				DAF953301FA481A40077CB2F /* Debug */,
				DAF953311FA481A40077CB2F /* Release */,
			);
			defaultConfigurationIsVisible = 0;
			defaultConfigurationName = Release;
		};
		DAF953321FA481A40077CB2F /* Build configuration list for PBXNativeTarget "IssuesApp" */ = {
			isa = XCConfigurationList;
			buildConfigurations = (
				DAF953331FA481A40077CB2F /* Debug */,
				DAF953341FA481A40077CB2F /* Release */,
			);
			defaultConfigurationIsVisible = 0;
			defaultConfigurationName = Release;
		};
/* End XCConfigurationList section */
	};
	rootObject = DAF953181FA481A40077CB2F /* Project object */;
}
